{
  "name": "argumentation-framework-clustering",
  "lockfileVersion": 2,
  "requires": true,
  "packages": {
    "": {
      "dependencies": {
        "pretty-time-zsh": "^1.0.1"
      }
    },
    "node_modules/pretty-time-zsh": {
      "version": "1.0.1",
      "resolved": "https://registry.npmjs.org/pretty-time-zsh/-/pretty-time-zsh-1.0.1.tgz",
      "integrity": "sha512-hYY1n7UOvMFXz6Oiacm5wUqdZUMBeQDANAswVemr2Ib2dolsc334Qnsmll97m1eY6WsdQtrB+GzHjePAONpE9g==",
      "bin": {
        "pretty-time": "pretty-time.zsh"
      },
      "engines": {
        "node": ">=0.10.0"
      }
    }
  },
  "dependencies": {
    "pretty-time-zsh": {
      "version": "1.0.1",
      "resolved": "https://registry.npmjs.org/pretty-time-zsh/-/pretty-time-zsh-1.0.1.tgz",
      "integrity": "sha512-hYY1n7UOvMFXz6Oiacm5wUqdZUMBeQDANAswVemr2Ib2dolsc334Qnsmll97m1eY6WsdQtrB+GzHjePAONpE9g=="
    }
  }
}
